
Microsoft Visual Studio Solution File, Format Version 12.00
# Visual Studio Version 17
VisualStudioVersion = 17.4.33122.133
MinimumVisualStudioVersion = 10.0.40219.1
Project("{FAE04EC0-301F-11D3-BF4B-00C04F79EFBC}") = "HCI_Chatbot_Client", "HCI_Chatbot_Client\HCI_Chatbot_Client.csproj", "{2D63C15B-6614-405B-B8EC-CB5C4C0FEA66}"
EndProject
Global
	GlobalSection(SolutionConfigurationPlatforms) = preSolution
		Debug|Any CPU = Debug|Any CPU
		Release|Any CPU = Release|Any CPU
	EndGlobalSection
	GlobalSection(ProjectConfigurationPlatforms) = postSolution
		{2D63C15B-6614-405B-B8EC-CB5C4C0FEA66}.Debug|Any CPU.ActiveCfg = Debug|Any CPU
		{2D63C15B-6614-405B-B8EC-CB5C4C0FEA66}.Debug|Any CPU.Build.0 = Debug|Any CPU
		{2D63C15B-6614-405B-B8EC-CB5C4C0FEA66}.Release|Any CPU.ActiveCfg = Release|Any CPU
		{2D63C15B-6614-405B-B8EC-CB5C4C0FEA66}.Release|Any CPU.Build.0 = Release|Any CPU
	EndGlobalSection
	GlobalSection(SolutionProperties) = preSolution
		HideSolutionNode = FALSE
	EndGlobalSection
	GlobalSection(ExtensibilityGlobals) = postSolution
		SolutionGuid = {3E6F632D-0C1A-4F18-AB15-9C5D0DE7896C}
	EndGlobalSection
EndGlobal
